
Microsoft Visual Studio Solution File, Format Version 12.00
# Visual Studio Version 17
VisualStudioVersion = 17.11.35222.181
MinimumVisualStudioVersion = 10.0.40219.1
Project("{8BC9CEB8-8B4A-11D0-8D11-00A0C91BC942}") = "SolPedidos", "SolPedidos.vcxproj", "{0EB1FE12-A8EB-49A2-8CB6-FD7BA3716D3C}"
EndProject
Project("{2150E333-8FDC-42A3-9474-1A3956D46DE8}") = "01BackEnd", "01BackEnd", "{657E63A6-9521-4E5E-8E02-0A16DF9A0A4D}"
EndProject
Project("{2150E333-8FDC-42A3-9474-1A3956D46DE8}") = "02FrontEnd", "02FrontEnd", "{0E6AB3E3-366E-4BC4-8A53-4C6BE198151C}"
EndProject
Project("{2150E333-8FDC-42A3-9474-1A3956D46DE8}") = "03Transversal", "03Transversal", "{8ADB5C2F-2227-4293-AD77-01E4ADF294B6}"
EndProject
Project("{FAE04EC0-301F-11D3-BF4B-00C04F79EFBC}") = "MiBotica.SolPedido.LogicaNegocio", "..\MiBotica.SolPedido.LogicaNegocio\MiBotica.SolPedido.LogicaNegocio.csproj", "{31626718-EBAA-43C3-AD22-93EB7412B301}"
EndProject
Project("{FAE04EC0-301F-11D3-BF4B-00C04F79EFBC}") = "MiBotica.SolPedido.AccesoDatos", "..\MiBotica.SolPedido.AccesoDatos\MiBotica.SolPedido.AccesoDatos.csproj", "{484DB12E-A8C9-4D0E-A3D5-A25DAF94EA4F}"
EndProject
Project("{FAE04EC0-301F-11D3-BF4B-00C04F79EFBC}") = "MiBotica.SolPedido.Cliente.Web", "..\MiBotica.SolPedido.Cliente.Web\MiBotica.SolPedido.Cliente.Web.csproj", "{A6A6D88F-D76F-4EB4-AEB4-928617CB4E3D}"
EndProject
Project("{FAE04EC0-301F-11D3-BF4B-00C04F79EFBC}") = "MiBotica.SolPedido.Entidades", "..\MiBotica.SolPedido.Entidades\MiBotica.SolPedido.Entidades.csproj", "{CFB47E85-0DBD-4F6F-9C18-7E5469F4DA96}"
EndProject
Project("{FAE04EC0-301F-11D3-BF4B-00C04F79EFBC}") = "MiBotica.SolPedido.Utiles", "..\MiBotica.SolPedido.Utiles\MiBotica.SolPedido.Utiles.csproj", "{1F09F175-4468-4679-B1DE-9C3EC299B246}"
EndProject
Project("{FAE04EC0-301F-11D3-BF4B-00C04F79EFBC}") = "MiBotica.SolPedido.UtilesWeb", "..\MiBotica.SolPedido.UtilesWeb\MiBotica.SolPedido.UtilesWeb.csproj", "{82EA52FE-3FE0-4F5D-AD5D-21C75FE345F5}"
EndProject
Project("{FAE04EC0-301F-11D3-BF4B-00C04F79EFBC}") = "ApiUsuario", "..\ApiUsuario\ApiUsuario.csproj", "{2205C9F6-B318-4DA7-B2D8-5C5E059551AC}"
EndProject
Global
	GlobalSection(SolutionConfigurationPlatforms) = preSolution
		Debug|Any CPU = Debug|Any CPU
		Debug|x64 = Debug|x64
		Debug|x86 = Debug|x86
		Release|Any CPU = Release|Any CPU
		Release|x64 = Release|x64
		Release|x86 = Release|x86
	EndGlobalSection
	GlobalSection(ProjectConfigurationPlatforms) = postSolution
		{0EB1FE12-A8EB-49A2-8CB6-FD7BA3716D3C}.Debug|Any CPU.ActiveCfg = Debug|x64
		{0EB1FE12-A8EB-49A2-8CB6-FD7BA3716D3C}.Debug|Any CPU.Build.0 = Debug|x64
		{0EB1FE12-A8EB-49A2-8CB6-FD7BA3716D3C}.Debug|x64.ActiveCfg = Debug|x64
		{0EB1FE12-A8EB-49A2-8CB6-FD7BA3716D3C}.Debug|x64.Build.0 = Debug|x64
		{0EB1FE12-A8EB-49A2-8CB6-FD7BA3716D3C}.Debug|x86.ActiveCfg = Debug|Win32
		{0EB1FE12-A8EB-49A2-8CB6-FD7BA3716D3C}.Debug|x86.Build.0 = Debug|Win32
		{0EB1FE12-A8EB-49A2-8CB6-FD7BA3716D3C}.Release|Any CPU.ActiveCfg = Release|x64
		{0EB1FE12-A8EB-49A2-8CB6-FD7BA3716D3C}.Release|Any CPU.Build.0 = Release|x64
		{0EB1FE12-A8EB-49A2-8CB6-FD7BA3716D3C}.Release|x64.ActiveCfg = Release|x64
		{0EB1FE12-A8EB-49A2-8CB6-FD7BA3716D3C}.Release|x64.Build.0 = Release|x64
		{0EB1FE12-A8EB-49A2-8CB6-FD7BA3716D3C}.Release|x86.ActiveCfg = Release|Win32
		{0EB1FE12-A8EB-49A2-8CB6-FD7BA3716D3C}.Release|x86.Build.0 = Release|Win32
		{31626718-EBAA-43C3-AD22-93EB7412B301}.Debug|Any CPU.ActiveCfg = Debug|Any CPU
		{31626718-EBAA-43C3-AD22-93EB7412B301}.Debug|Any CPU.Build.0 = Debug|Any CPU
		{31626718-EBAA-43C3-AD22-93EB7412B301}.Debug|x64.ActiveCfg = Debug|Any CPU
		{31626718-EBAA-43C3-AD22-93EB7412B301}.Debug|x64.Build.0 = Debug|Any CPU
		{31626718-EBAA-43C3-AD22-93EB7412B301}.Debug|x86.ActiveCfg = Debug|Any CPU
		{31626718-EBAA-43C3-AD22-93EB7412B301}.Debug|x86.Build.0 = Debug|Any CPU
		{31626718-EBAA-43C3-AD22-93EB7412B301}.Release|Any CPU.ActiveCfg = Release|Any CPU
		{31626718-EBAA-43C3-AD22-93EB7412B301}.Release|Any CPU.Build.0 = Release|Any CPU
		{31626718-EBAA-43C3-AD22-93EB7412B301}.Release|x64.ActiveCfg = Release|Any CPU
		{31626718-EBAA-43C3-AD22-93EB7412B301}.Release|x64.Build.0 = Release|Any CPU
		{31626718-EBAA-43C3-AD22-93EB7412B301}.Release|x86.ActiveCfg = Release|Any CPU
		{31626718-EBAA-43C3-AD22-93EB7412B301}.Release|x86.Build.0 = Release|Any CPU
		{484DB12E-A8C9-4D0E-A3D5-A25DAF94EA4F}.Debug|Any CPU.ActiveCfg = Debug|Any CPU
		{484DB12E-A8C9-4D0E-A3D5-A25DAF94EA4F}.Debug|Any CPU.Build.0 = Debug|Any CPU
		{484DB12E-A8C9-4D0E-A3D5-A25DAF94EA4F}.Debug|x64.ActiveCfg = Debug|Any CPU
		{484DB12E-A8C9-4D0E-A3D5-A25DAF94EA4F}.Debug|x64.Build.0 = Debug|Any CPU
		{484DB12E-A8C9-4D0E-A3D5-A25DAF94EA4F}.Debug|x86.ActiveCfg = Debug|Any CPU
		{484DB12E-A8C9-4D0E-A3D5-A25DAF94EA4F}.Debug|x86.Build.0 = Debug|Any CPU
		{484DB12E-A8C9-4D0E-A3D5-A25DAF94EA4F}.Release|Any CPU.ActiveCfg = Release|Any CPU
		{484DB12E-A8C9-4D0E-A3D5-A25DAF94EA4F}.Release|Any CPU.Build.0 = Release|Any CPU
		{484DB12E-A8C9-4D0E-A3D5-A25DAF94EA4F}.Release|x64.ActiveCfg = Release|Any CPU
		{484DB12E-A8C9-4D0E-A3D5-A25DAF94EA4F}.Release|x64.Build.0 = Release|Any CPU
		{484DB12E-A8C9-4D0E-A3D5-A25DAF94EA4F}.Release|x86.ActiveCfg = Release|Any CPU
		{484DB12E-A8C9-4D0E-A3D5-A25DAF94EA4F}.Release|x86.Build.0 = Release|Any CPU
		{A6A6D88F-D76F-4EB4-AEB4-928617CB4E3D}.Debug|Any CPU.ActiveCfg = Debug|Any CPU
		{A6A6D88F-D76F-4EB4-AEB4-928617CB4E3D}.Debug|Any CPU.Build.0 = Debug|Any CPU
		{A6A6D88F-D76F-4EB4-AEB4-928617CB4E3D}.Debug|x64.ActiveCfg = Debug|Any CPU
		{A6A6D88F-D76F-4EB4-AEB4-928617CB4E3D}.Debug|x64.Build.0 = Debug|Any CPU
		{A6A6D88F-D76F-4EB4-AEB4-928617CB4E3D}.Debug|x86.ActiveCfg = Debug|Any CPU
		{A6A6D88F-D76F-4EB4-AEB4-928617CB4E3D}.Debug|x86.Build.0 = Debug|Any CPU
		{A6A6D88F-D76F-4EB4-AEB4-928617CB4E3D}.Release|Any CPU.ActiveCfg = Release|Any CPU
		{A6A6D88F-D76F-4EB4-AEB4-928617CB4E3D}.Release|Any CPU.Build.0 = Release|Any CPU
		{A6A6D88F-D76F-4EB4-AEB4-928617CB4E3D}.Release|x64.ActiveCfg = Release|Any CPU
		{A6A6D88F-D76F-4EB4-AEB4-928617CB4E3D}.Release|x64.Build.0 = Release|Any CPU
		{A6A6D88F-D76F-4EB4-AEB4-928617CB4E3D}.Release|x86.ActiveCfg = Release|Any CPU
		{A6A6D88F-D76F-4EB4-AEB4-928617CB4E3D}.Release|x86.Build.0 = Release|Any CPU
		{CFB47E85-0DBD-4F6F-9C18-7E5469F4DA96}.Debug|Any CPU.ActiveCfg = Debug|Any CPU
		{CFB47E85-0DBD-4F6F-9C18-7E5469F4DA96}.Debug|Any CPU.Build.0 = Debug|Any CPU
		{CFB47E85-0DBD-4F6F-9C18-7E5469F4DA96}.Debug|x64.ActiveCfg = Debug|Any CPU
		{CFB47E85-0DBD-4F6F-9C18-7E5469F4DA96}.Debug|x64.Build.0 = Debug|Any CPU
		{CFB47E85-0DBD-4F6F-9C18-7E5469F4DA96}.Debug|x86.ActiveCfg = Debug|Any CPU
		{CFB47E85-0DBD-4F6F-9C18-7E5469F4DA96}.Debug|x86.Build.0 = Debug|Any CPU
		{CFB47E85-0DBD-4F6F-9C18-7E5469F4DA96}.Release|Any CPU.ActiveCfg = Release|Any CPU
		{CFB47E85-0DBD-4F6F-9C18-7E5469F4DA96}.Release|Any CPU.Build.0 = Release|Any CPU
		{CFB47E85-0DBD-4F6F-9C18-7E5469F4DA96}.Release|x64.ActiveCfg = Release|Any CPU
		{CFB47E85-0DBD-4F6F-9C18-7E5469F4DA96}.Release|x64.Build.0 = Release|Any CPU
		{CFB47E85-0DBD-4F6F-9C18-7E5469F4DA96}.Release|x86.ActiveCfg = Release|Any CPU
		{CFB47E85-0DBD-4F6F-9C18-7E5469F4DA96}.Release|x86.Build.0 = Release|Any CPU
		{1F09F175-4468-4679-B1DE-9C3EC299B246}.Debug|Any CPU.ActiveCfg = Debug|Any CPU
		{1F09F175-4468-4679-B1DE-9C3EC299B246}.Debug|Any CPU.Build.0 = Debug|Any CPU
		{1F09F175-4468-4679-B1DE-9C3EC299B246}.Debug|x64.ActiveCfg = Debug|Any CPU
		{1F09F175-4468-4679-B1DE-9C3EC299B246}.Debug|x64.Build.0 = Debug|Any CPU
		{1F09F175-4468-4679-B1DE-9C3EC299B246}.Debug|x86.ActiveCfg = Debug|Any CPU
		{1F09F175-4468-4679-B1DE-9C3EC299B246}.Debug|x86.Build.0 = Debug|Any CPU
		{1F09F175-4468-4679-B1DE-9C3EC299B246}.Release|Any CPU.ActiveCfg = Release|Any CPU
		{1F09F175-4468-4679-B1DE-9C3EC299B246}.Release|Any CPU.Build.0 = Release|Any CPU
		{1F09F175-4468-4679-B1DE-9C3EC299B246}.Release|x64.ActiveCfg = Release|Any CPU
		{1F09F175-4468-4679-B1DE-9C3EC299B246}.Release|x64.Build.0 = Release|Any CPU
		{1F09F175-4468-4679-B1DE-9C3EC299B246}.Release|x86.ActiveCfg = Release|Any CPU
		{1F09F175-4468-4679-B1DE-9C3EC299B246}.Release|x86.Build.0 = Release|Any CPU
		{82EA52FE-3FE0-4F5D-AD5D-21C75FE345F5}.Debug|Any CPU.ActiveCfg = Debug|Any CPU
		{82EA52FE-3FE0-4F5D-AD5D-21C75FE345F5}.Debug|Any CPU.Build.0 = Debug|Any CPU
		{82EA52FE-3FE0-4F5D-AD5D-21C75FE345F5}.Debug|x64.ActiveCfg = Debug|Any CPU
		{82EA52FE-3FE0-4F5D-AD5D-21C75FE345F5}.Debug|x64.Build.0 = Debug|Any CPU
		{82EA52FE-3FE0-4F5D-AD5D-21C75FE345F5}.Debug|x86.ActiveCfg = Debug|Any CPU
		{82EA52FE-3FE0-4F5D-AD5D-21C75FE345F5}.Debug|x86.Build.0 = Debug|Any CPU
		{82EA52FE-3FE0-4F5D-AD5D-21C75FE345F5}.Release|Any CPU.ActiveCfg = Release|Any CPU
		{82EA52FE-3FE0-4F5D-AD5D-21C75FE345F5}.Release|Any CPU.Build.0 = Release|Any CPU
		{82EA52FE-3FE0-4F5D-AD5D-21C75FE345F5}.Release|x64.ActiveCfg = Release|Any CPU
		{82EA52FE-3FE0-4F5D-AD5D-21C75FE345F5}.Release|x64.Build.0 = Release|Any CPU
		{82EA52FE-3FE0-4F5D-AD5D-21C75FE345F5}.Release|x86.ActiveCfg = Release|Any CPU
		{82EA52FE-3FE0-4F5D-AD5D-21C75FE345F5}.Release|x86.Build.0 = Release|Any CPU
		{2205C9F6-B318-4DA7-B2D8-5C5E059551AC}.Debug|Any CPU.ActiveCfg = Debug|Any CPU
		{2205C9F6-B318-4DA7-B2D8-5C5E059551AC}.Debug|Any CPU.Build.0 = Debug|Any CPU
		{2205C9F6-B318-4DA7-B2D8-5C5E059551AC}.Debug|x64.ActiveCfg = Debug|Any CPU
		{2205C9F6-B318-4DA7-B2D8-5C5E059551AC}.Debug|x64.Build.0 = Debug|Any CPU
		{2205C9F6-B318-4DA7-B2D8-5C5E059551AC}.Debug|x86.ActiveCfg = Debug|Any CPU
		{2205C9F6-B318-4DA7-B2D8-5C5E059551AC}.Debug|x86.Build.0 = Debug|Any CPU
		{2205C9F6-B318-4DA7-B2D8-5C5E059551AC}.Release|Any CPU.ActiveCfg = Release|Any CPU
		{2205C9F6-B318-4DA7-B2D8-5C5E059551AC}.Release|Any CPU.Build.0 = Release|Any CPU
		{2205C9F6-B318-4DA7-B2D8-5C5E059551AC}.Release|x64.ActiveCfg = Release|Any CPU
		{2205C9F6-B318-4DA7-B2D8-5C5E059551AC}.Release|x64.Build.0 = Release|Any CPU
		{2205C9F6-B318-4DA7-B2D8-5C5E059551AC}.Release|x86.ActiveCfg = Release|Any CPU
		{2205C9F6-B318-4DA7-B2D8-5C5E059551AC}.Release|x86.Build.0 = Release|Any CPU
	EndGlobalSection
	GlobalSection(SolutionProperties) = preSolution
		HideSolutionNode = FALSE
	EndGlobalSection
	GlobalSection(NestedProjects) = preSolution
		{31626718-EBAA-43C3-AD22-93EB7412B301} = {657E63A6-9521-4E5E-8E02-0A16DF9A0A4D}
		{484DB12E-A8C9-4D0E-A3D5-A25DAF94EA4F} = {657E63A6-9521-4E5E-8E02-0A16DF9A0A4D}
		{A6A6D88F-D76F-4EB4-AEB4-928617CB4E3D} = {0E6AB3E3-366E-4BC4-8A53-4C6BE198151C}
		{CFB47E85-0DBD-4F6F-9C18-7E5469F4DA96} = {8ADB5C2F-2227-4293-AD77-01E4ADF294B6}
		{1F09F175-4468-4679-B1DE-9C3EC299B246} = {8ADB5C2F-2227-4293-AD77-01E4ADF294B6}
		{82EA52FE-3FE0-4F5D-AD5D-21C75FE345F5} = {8ADB5C2F-2227-4293-AD77-01E4ADF294B6}
	EndGlobalSection
	GlobalSection(ExtensibilityGlobals) = postSolution
		SolutionGuid = {B45D6A8B-1E83-4790-AC78-686C1FE21202}
	EndGlobalSection
EndGlobal
